
Microsoft Visual Studio Solution File, Format Version 12.00
Project("{FAE04EC0-301F-11D3-BF4B-00C04F79EFBC}") = "Quiz.Api", "Quiz.Api\Quiz.Api.csproj", "{884FE67C-6D46-4E6C-8E7B-5ADD03CED358}"
EndProject
Project("{FAE04EC0-301F-11D3-BF4B-00C04F79EFBC}") = "Quiz.Data", "Quiz.Data\Quiz.Data.csproj", "{B1C73718-F03C-433B-86B0-D7454E8FE2DC}"
EndProject
Project("{FAE04EC0-301F-11D3-BF4B-00C04F79EFBC}") = "Quiz.Mvc", "Quiz.Mvc\Quiz.Mvc.csproj", "{F2598309-ABB4-4BD6-ADF3-017AB3759627}"
EndProject
Project("{2150E333-8FDC-42A3-9474-1A3956D46DE8}") = "Quiz.Api", "Quiz.Api", "{B6026DF5-18CA-493A-92E6-14DC28D91D2D}"
EndProject
Project("{2150E333-8FDC-42A3-9474-1A3956D46DE8}") = "Quiz.Data", "Quiz.Data", "{71BAA9F8-BA80-4303-8FF1-7858023791A8}"
EndProject
Project("{2150E333-8FDC-42A3-9474-1A3956D46DE8}") = "Quiz.Repository", "Quiz.Repository", "{A186C211-4676-47CC-B6BC-0EA8AF1A49C5}"
EndProject
Project("{FAE04EC0-301F-11D3-BF4B-00C04F79EFBC}") = "Quiz.Repository", "Quiz.Repository\Quiz.Repository.csproj", "{122F2CC3-2963-4D4E-B970-294DD08BEA7F}"
EndProject
Project("{2150E333-8FDC-42A3-9474-1A3956D46DE8}") = "Quiz.Mvc", "Quiz.Mvc", "{5CE381D3-B203-417B-B472-B7EFE1989A3A}"
EndProject
Project("{2150E333-8FDC-42A3-9474-1A3956D46DE8}") = "Quiz.Service", "Quiz.Service", "{FB797CD1-C2B2-4461-8038-976D7AEF435C}"
EndProject
Project("{FAE04EC0-301F-11D3-BF4B-00C04F79EFBC}") = "Quiz.Service", "Quiz.Service\Quiz.Service.csproj", "{BA915B28-6E93-446F-AC7E-8FF36B312012}"
EndProject
Project("{FAE04EC0-301F-11D3-BF4B-00C04F79EFBC}") = "Quiz.Utils", "Quiz.Utils\Quiz.Utils.csproj", "{275A9679-19B5-4271-8CAA-6A80E0438CC4}"
EndProject
Project("{2150E333-8FDC-42A3-9474-1A3956D46DE8}") = "Quiz.Utils", "Quiz.Utils", "{F4088696-D7E7-4A24-846A-10D5AB3A5D73}"
EndProject
Project("{2150E333-8FDC-42A3-9474-1A3956D46DE8}") = "Quiz.Tests", "Quiz.Tests", "{CC8A5D07-ACE7-44F7-AFDD-47C59B5E1BCA}"
EndProject
Project("{FAE04EC0-301F-11D3-BF4B-00C04F79EFBC}") = "Quiz.Tests", "Quiz.Tests\Quiz.Tests.csproj", "{3258B5DB-0CAF-4877-8BC5-4662FFDEA023}"
EndProject
Global
	GlobalSection(SolutionConfigurationPlatforms) = preSolution
		Debug|Any CPU = Debug|Any CPU
		Release|Any CPU = Release|Any CPU
	EndGlobalSection
	GlobalSection(ProjectConfigurationPlatforms) = postSolution
		{884FE67C-6D46-4E6C-8E7B-5ADD03CED358}.Debug|Any CPU.ActiveCfg = Debug|Any CPU
		{884FE67C-6D46-4E6C-8E7B-5ADD03CED358}.Debug|Any CPU.Build.0 = Debug|Any CPU
		{884FE67C-6D46-4E6C-8E7B-5ADD03CED358}.Release|Any CPU.ActiveCfg = Release|Any CPU
		{884FE67C-6D46-4E6C-8E7B-5ADD03CED358}.Release|Any CPU.Build.0 = Release|Any CPU
		{B1C73718-F03C-433B-86B0-D7454E8FE2DC}.Debug|Any CPU.ActiveCfg = Debug|Any CPU
		{B1C73718-F03C-433B-86B0-D7454E8FE2DC}.Debug|Any CPU.Build.0 = Debug|Any CPU
		{B1C73718-F03C-433B-86B0-D7454E8FE2DC}.Release|Any CPU.ActiveCfg = Release|Any CPU
		{B1C73718-F03C-433B-86B0-D7454E8FE2DC}.Release|Any CPU.Build.0 = Release|Any CPU
		{F2598309-ABB4-4BD6-ADF3-017AB3759627}.Debug|Any CPU.ActiveCfg = Debug|Any CPU
		{F2598309-ABB4-4BD6-ADF3-017AB3759627}.Debug|Any CPU.Build.0 = Debug|Any CPU
		{F2598309-ABB4-4BD6-ADF3-017AB3759627}.Release|Any CPU.ActiveCfg = Release|Any CPU
		{F2598309-ABB4-4BD6-ADF3-017AB3759627}.Release|Any CPU.Build.0 = Release|Any CPU
		{122F2CC3-2963-4D4E-B970-294DD08BEA7F}.Debug|Any CPU.ActiveCfg = Debug|Any CPU
		{122F2CC3-2963-4D4E-B970-294DD08BEA7F}.Debug|Any CPU.Build.0 = Debug|Any CPU
		{122F2CC3-2963-4D4E-B970-294DD08BEA7F}.Release|Any CPU.ActiveCfg = Release|Any CPU
		{122F2CC3-2963-4D4E-B970-294DD08BEA7F}.Release|Any CPU.Build.0 = Release|Any CPU
		{BA915B28-6E93-446F-AC7E-8FF36B312012}.Debug|Any CPU.ActiveCfg = Debug|Any CPU
		{BA915B28-6E93-446F-AC7E-8FF36B312012}.Debug|Any CPU.Build.0 = Debug|Any CPU
		{BA915B28-6E93-446F-AC7E-8FF36B312012}.Release|Any CPU.ActiveCfg = Release|Any CPU
		{BA915B28-6E93-446F-AC7E-8FF36B312012}.Release|Any CPU.Build.0 = Release|Any CPU
		{275A9679-19B5-4271-8CAA-6A80E0438CC4}.Debug|Any CPU.ActiveCfg = Debug|Any CPU
		{275A9679-19B5-4271-8CAA-6A80E0438CC4}.Debug|Any CPU.Build.0 = Debug|Any CPU
		{275A9679-19B5-4271-8CAA-6A80E0438CC4}.Release|Any CPU.ActiveCfg = Release|Any CPU
		{275A9679-19B5-4271-8CAA-6A80E0438CC4}.Release|Any CPU.Build.0 = Release|Any CPU
		{3258B5DB-0CAF-4877-8BC5-4662FFDEA023}.Debug|Any CPU.ActiveCfg = Debug|Any CPU
		{3258B5DB-0CAF-4877-8BC5-4662FFDEA023}.Debug|Any CPU.Build.0 = Debug|Any CPU
		{3258B5DB-0CAF-4877-8BC5-4662FFDEA023}.Release|Any CPU.ActiveCfg = Release|Any CPU
		{3258B5DB-0CAF-4877-8BC5-4662FFDEA023}.Release|Any CPU.Build.0 = Release|Any CPU
	EndGlobalSection
	GlobalSection(NestedProjects) = preSolution
		{884FE67C-6D46-4E6C-8E7B-5ADD03CED358} = {B6026DF5-18CA-493A-92E6-14DC28D91D2D}
		{B1C73718-F03C-433B-86B0-D7454E8FE2DC} = {71BAA9F8-BA80-4303-8FF1-7858023791A8}
		{122F2CC3-2963-4D4E-B970-294DD08BEA7F} = {A186C211-4676-47CC-B6BC-0EA8AF1A49C5}
		{F2598309-ABB4-4BD6-ADF3-017AB3759627} = {5CE381D3-B203-417B-B472-B7EFE1989A3A}
		{BA915B28-6E93-446F-AC7E-8FF36B312012} = {FB797CD1-C2B2-4461-8038-976D7AEF435C}
		{275A9679-19B5-4271-8CAA-6A80E0438CC4} = {F4088696-D7E7-4A24-846A-10D5AB3A5D73}
		{3258B5DB-0CAF-4877-8BC5-4662FFDEA023} = {CC8A5D07-ACE7-44F7-AFDD-47C59B5E1BCA}
	EndGlobalSection
EndGlobal
